
Microsoft Visual Studio Solution File, Format Version 12.00
# Visual Studio Version 16
VisualStudioVersion = 16.0.32002.261
MinimumVisualStudioVersion = 10.0.40219.1
Project("{FAE04EC0-301F-11D3-BF4B-00C04F79EFBC}") = "McvCrudDepartamentosEFCore2022", "McvCrudDepartamentosEFCore2022\McvCrudDepartamentosEFCore2022.csproj", "{4A45CA50-C2C5-4BD9-8AD7-EBF7A3D9D9DE}"
EndProject
Global
	GlobalSection(SolutionConfigurationPlatforms) = preSolution
		Debug|Any CPU = Debug|Any CPU
		Release|Any CPU = Release|Any CPU
	EndGlobalSection
	GlobalSection(ProjectConfigurationPlatforms) = postSolution
		{4A45CA50-C2C5-4BD9-8AD7-EBF7A3D9D9DE}.Debug|Any CPU.ActiveCfg = Debug|Any CPU
		{4A45CA50-C2C5-4BD9-8AD7-EBF7A3D9D9DE}.Debug|Any CPU.Build.0 = Debug|Any CPU
		{4A45CA50-C2C5-4BD9-8AD7-EBF7A3D9D9DE}.Release|Any CPU.ActiveCfg = Release|Any CPU
		{4A45CA50-C2C5-4BD9-8AD7-EBF7A3D9D9DE}.Release|Any CPU.Build.0 = Release|Any CPU
	EndGlobalSection
	GlobalSection(SolutionProperties) = preSolution
		HideSolutionNode = FALSE
	EndGlobalSection
	GlobalSection(ExtensibilityGlobals) = postSolution
		SolutionGuid = {2F14EC3C-5B05-407F-85FE-DD3B8F2480C7}
	EndGlobalSection
EndGlobal
